{
    "containers": {
        "Makecmd": {
            "hash": "1380647064302492502",
            "last_run": 1771413280
        },
        "handle_add": {
            "hash": "10559508738835055391",
            "last_run": 1771413280
        },
        "handle_done": {
            "hash": "350102093559927460",
            "last_run": 1771413280
        },
        "handle_init": {
            "hash": "2090847878983228517",
            "last_run": 1771413280
        },
        "handle_show": {
            "hash": "2436797436636730763",
            "last_run": 1771413280
        },
        "handle_sort_list_by_priority": {
            "hash": "17851614784349452129",
            "last_run": 1771413280
        },
        "libs": {
            "hash": "1678117112115057065",
            "last_run": 1771409666
        },
        "priorities_handler": {
            "hash": "17241683226474133127",
            "last_run": 1771413280
        }
    }
}